// !$*UTF8*$!
{
	archiveVersion = 1;
	classes = {
	};
	objectVersion = 48;
	objects = {

/* Begin PBXBuildFile section */
		6B1E266F1FB43F09006B376F /* UIApplication+BBCSharedApplication.m in Sources */ = {isa = PBXBuildFile; fileRef = 6B1E266E1FB43F09006B376F /* UIApplication+BBCSharedApplication.m */; };
		6B3A841E1FB2F7EC0039018E /* AppDelegate.m in Sources */ = {isa = PBXBuildFile; fileRef = 6B3A841D1FB2F7EC0039018E /* AppDelegate.m */; };
		6B3A84211FB2F7EC0039018E /* FirstViewController.m in Sources */ = {isa = PBXBuildFile; fileRef = 6B3A84201FB2F7EC0039018E /* FirstViewController.m */; };
		6B3A84241FB2F7ED0039018E /* SecondViewController.m in Sources */ = {isa = PBXBuildFile; fileRef = 6B3A84231FB2F7ED0039018E /* SecondViewController.m */; };
		6B3A84271FB2F7ED0039018E /* Main.storyboard in Resources */ = {isa = PBXBuildFile; fileRef = 6B3A84251FB2F7ED0039018E /* Main.storyboard */; };
		6B3A84291FB2F7ED0039018E /* Assets.xcassets in Resources */ = {isa = PBXBuildFile; fileRef = 6B3A84281FB2F7ED0039018E /* Assets.xcassets */; };
		6B3A842C1FB2F7ED0039018E /* LaunchScreen.storyboard in Resources */ = {isa = PBXBuildFile; fileRef = 6B3A842A1FB2F7ED0039018E /* LaunchScreen.storyboard */; };
		6B3A842F1FB2F7ED0039018E /* main.m in Sources */ = {isa = PBXBuildFile; fileRef = 6B3A842E1FB2F7ED0039018E /* main.m */; };
		6B3A84391FB2F7ED0039018E /* bbckitTests.m in Sources */ = {isa = PBXBuildFile; fileRef = 6B3A84381FB2F7ED0039018E /* bbckitTests.m */; };
		6B3A84441FB2F7ED0039018E /* bbckitUITests.m in Sources */ = {isa = PBXBuildFile; fileRef = 6B3A84431FB2F7ED0039018E /* bbckitUITests.m */; };
		6B3A849B1FB2F9470039018E /* NSData+BBCEncodingBase64.m in Sources */ = {isa = PBXBuildFile; fileRef = 6B3A84551FB2F9470039018E /* NSData+BBCEncodingBase64.m */; };
		6B3A849C1FB2F9470039018E /* NSData+BBCSecurity.m in Sources */ = {isa = PBXBuildFile; fileRef = 6B3A84571FB2F9470039018E /* NSData+BBCSecurity.m */; };
		6B3A849D1FB2F9470039018E /* NSDate+BBCFormat.m in Sources */ = {isa = PBXBuildFile; fileRef = 6B3A845A1FB2F9470039018E /* NSDate+BBCFormat.m */; };
		6B3A849E1FB2F9470039018E /* NSString+BBCCodingData.m in Sources */ = {isa = PBXBuildFile; fileRef = 6B3A845D1FB2F9470039018E /* NSString+BBCCodingData.m */; };
		6B3A849F1FB2F9470039018E /* NSString+BBCHelloString.m in Sources */ = {isa = PBXBuildFile; fileRef = 6B3A845F1FB2F9470039018E /* NSString+BBCHelloString.m */; };
		6B3A84A01FB2F9470039018E /* NSString+BBCNSDate.m in Sources */ = {isa = PBXBuildFile; fileRef = 6B3A84611FB2F9470039018E /* NSString+BBCNSDate.m */; };
		6B3A84A11FB2F9470039018E /* NSString+BBCStringSize.m in Sources */ = {isa = PBXBuildFile; fileRef = 6B3A84631FB2F9470039018E /* NSString+BBCStringSize.m */; };
		6B3A84A21FB2F9470039018E /* NSTimer+BBCBlock.m in Sources */ = {isa = PBXBuildFile; fileRef = 6B3A84661FB2F9470039018E /* NSTimer+BBCBlock.m */; };
		6B3A84A31FB2F9470039018E /* BBCBottomConstraintKeyboardAdapter.m in Sources */ = {isa = PBXBuildFile; fileRef = 6B3A846B1FB2F9470039018E /* BBCBottomConstraintKeyboardAdapter.m */; };
		6B3A84A41FB2F9470039018E /* UIApplication+BBCCompatibleOpenURL.m in Sources */ = {isa = PBXBuildFile; fileRef = 6B3A846E1FB2F9470039018E /* UIApplication+BBCCompatibleOpenURL.m */; };
		6B3A84A51FB2F9470039018E /* UIButton+BBCPresentation.m in Sources */ = {isa = PBXBuildFile; fileRef = 6B3A84711FB2F9470039018E /* UIButton+BBCPresentation.m */; };
		6B3A84A61FB2F9470039018E /* UIColor+BBCColorAdditions.m in Sources */ = {isa = PBXBuildFile; fileRef = 6B3A84741FB2F9470039018E /* UIColor+BBCColorAdditions.m */; };
		6B3A84A71FB2F9470039018E /* UIDevice+BBCAdditions.m in Sources */ = {isa = PBXBuildFile; fileRef = 6B3A84771FB2F9470039018E /* UIDevice+BBCAdditions.m */; };
		6B3A84A81FB2F9470039018E /* UIDevice+BBCHardware.m in Sources */ = {isa = PBXBuildFile; fileRef = 6B3A84791FB2F9470039018E /* UIDevice+BBCHardware.m */; };
		6B3A84A91FB2F9470039018E /* UIDevice+BBCPlatform.m in Sources */ = {isa = PBXBuildFile; fileRef = 6B3A847B1FB2F9470039018E /* UIDevice+BBCPlatform.m */; };
		6B3A84AA1FB2F9470039018E /* UIImage+BBCCompress.m in Sources */ = {isa = PBXBuildFile; fileRef = 6B3A847E1FB2F9470039018E /* UIImage+BBCCompress.m */; };
		6B3A84AB1FB2F9470039018E /* UIImage+BBCDataConversation.m in Sources */ = {isa = PBXBuildFile; fileRef = 6B3A84801FB2F9470039018E /* UIImage+BBCDataConversation.m */; };
		6B3A84AC1FB2F9470039018E /* UIImage+BBCPureColor.m in Sources */ = {isa = PBXBuildFile; fileRef = 6B3A84821FB2F9470039018E /* UIImage+BBCPureColor.m */; };
		6B3A84AD1FB2F9470039018E /* UIImage+BBCSaveToAlbum.m in Sources */ = {isa = PBXBuildFile; fileRef = 6B3A84841FB2F9470039018E /* UIImage+BBCSaveToAlbum.m */; };
		6B3A84AE1FB2F9470039018E /* UIView+BBCBadge.m in Sources */ = {isa = PBXBuildFile; fileRef = 6B3A84871FB2F9470039018E /* UIView+BBCBadge.m */; };
		6B3A84AF1FB2F9470039018E /* UIView+BBCBorder.m in Sources */ = {isa = PBXBuildFile; fileRef = 6B3A84891FB2F9470039018E /* UIView+BBCBorder.m */; };
		6B3A84B01FB2F9470039018E /* UIView+BBCHelloView.m in Sources */ = {isa = PBXBuildFile; fileRef = 6B3A848B1FB2F9470039018E /* UIView+BBCHelloView.m */; };
		6B3A84B11FB2F9470039018E /* UIView+BBCLoadingIndicator.m in Sources */ = {isa = PBXBuildFile; fileRef = 6B3A848D1FB2F9470039018E /* UIView+BBCLoadingIndicator.m */; };
		6B3A84B21FB2F9470039018E /* UIView+BBCNib.m in Sources */ = {isa = PBXBuildFile; fileRef = 6B3A848F1FB2F9470039018E /* UIView+BBCNib.m */; };
		6B3A84B31FB2F9470039018E /* UIView+BBCPresentation.m in Sources */ = {isa = PBXBuildFile; fileRef = 6B3A84911FB2F9470039018E /* UIView+BBCPresentation.m */; };
		6B3A84B41FB2F9470039018E /* UIView+BBCSpin.m in Sources */ = {isa = PBXBuildFile; fileRef = 6B3A84931FB2F9470039018E /* UIView+BBCSpin.m */; };
		6B3A84B51FB2F9470039018E /* UIViewController+BBCCurrentJudgement.m in Sources */ = {isa = PBXBuildFile; fileRef = 6B3A84961FB2F9470039018E /* UIViewController+BBCCurrentJudgement.m */; };
		6B3A84B61FB2F9470039018E /* UIViewController+BBCIsSupoort3DTouch.m in Sources */ = {isa = PBXBuildFile; fileRef = 6B3A84981FB2F9470039018E /* UIViewController+BBCIsSupoort3DTouch.m */; };
		6B3A84B71FB2F9470039018E /* UIViewController+BBCPagingTableView.m in Sources */ = {isa = PBXBuildFile; fileRef = 6B3A849A1FB2F9470039018E /* UIViewController+BBCPagingTableView.m */; };
/* End PBXBuildFile section */

/* Begin PBXContainerItemProxy section */
		6B3A84351FB2F7ED0039018E /* PBXContainerItemProxy */ = {
			isa = PBXContainerItemProxy;
			containerPortal = 6B3A84111FB2F7EC0039018E /* Project object */;
			proxyType = 1;
			remoteGlobalIDString = 6B3A84181FB2F7EC0039018E;
			remoteInfo = bbckit;
		};
		6B3A84401FB2F7ED0039018E /* PBXContainerItemProxy */ = {
			isa = PBXContainerItemProxy;
			containerPortal = 6B3A84111FB2F7EC0039018E /* Project object */;
			proxyType = 1;
			remoteGlobalIDString = 6B3A84181FB2F7EC0039018E;
			remoteInfo = bbckit;
		};
/* End PBXContainerItemProxy section */

/* Begin PBXFileReference section */
		6B1E266D1FB43F09006B376F /* UIApplication+BBCSharedApplication.h */ = {isa = PBXFileReference; lastKnownFileType = sourcecode.c.h; path = "UIApplication+BBCSharedApplication.h"; sourceTree = "<group>"; };
		6B1E266E1FB43F09006B376F /* UIApplication+BBCSharedApplication.m */ = {isa = PBXFileReference; lastKnownFileType = sourcecode.c.objc; path = "UIApplication+BBCSharedApplication.m"; sourceTree = "<group>"; };
		6B3A84191FB2F7EC0039018E /* bbckit.app */ = {isa = PBXFileReference; explicitFileType = wrapper.application; includeInIndex = 0; path = bbckit.app; sourceTree = BUILT_PRODUCTS_DIR; };
		6B3A841C1FB2F7EC0039018E /* AppDelegate.h */ = {isa = PBXFileReference; lastKnownFileType = sourcecode.c.h; path = AppDelegate.h; sourceTree = "<group>"; };
		6B3A841D1FB2F7EC0039018E /* AppDelegate.m */ = {isa = PBXFileReference; lastKnownFileType = sourcecode.c.objc; path = AppDelegate.m; sourceTree = "<group>"; };
		6B3A841F1FB2F7EC0039018E /* FirstViewController.h */ = {isa = PBXFileReference; lastKnownFileType = sourcecode.c.h; path = FirstViewController.h; sourceTree = "<group>"; };
		6B3A84201FB2F7EC0039018E /* FirstViewController.m */ = {isa = PBXFileReference; lastKnownFileType = sourcecode.c.objc; path = FirstViewController.m; sourceTree = "<group>"; };
		6B3A84221FB2F7EC0039018E /* SecondViewController.h */ = {isa = PBXFileReference; lastKnownFileType = sourcecode.c.h; path = SecondViewController.h; sourceTree = "<group>"; };
		6B3A84231FB2F7ED0039018E /* SecondViewController.m */ = {isa = PBXFileReference; lastKnownFileType = sourcecode.c.objc; path = SecondViewController.m; sourceTree = "<group>"; };
		6B3A84261FB2F7ED0039018E /* Base */ = {isa = PBXFileReference; lastKnownFileType = file.storyboard; name = Base; path = Base.lproj/Main.storyboard; sourceTree = "<group>"; };
		6B3A84281FB2F7ED0039018E /* Assets.xcassets */ = {isa = PBXFileReference; lastKnownFileType = folder.assetcatalog; path = Assets.xcassets; sourceTree = "<group>"; };
		6B3A842B1FB2F7ED0039018E /* Base */ = {isa = PBXFileReference; lastKnownFileType = file.storyboard; name = Base; path = Base.lproj/LaunchScreen.storyboard; sourceTree = "<group>"; };
		6B3A842D1FB2F7ED0039018E /* Info.plist */ = {isa = PBXFileReference; lastKnownFileType = text.plist.xml; path = Info.plist; sourceTree = "<group>"; };
		6B3A842E1FB2F7ED0039018E /* main.m */ = {isa = PBXFileReference; lastKnownFileType = sourcecode.c.objc; path = main.m; sourceTree = "<group>"; };
		6B3A84341FB2F7ED0039018E /* bbckitTests.xctest */ = {isa = PBXFileReference; explicitFileType = wrapper.cfbundle; includeInIndex = 0; path = bbckitTests.xctest; sourceTree = BUILT_PRODUCTS_DIR; };
		6B3A84381FB2F7ED0039018E /* bbckitTests.m */ = {isa = PBXFileReference; lastKnownFileType = sourcecode.c.objc; path = bbckitTests.m; sourceTree = "<group>"; };
		6B3A843A1FB2F7ED0039018E /* Info.plist */ = {isa = PBXFileReference; lastKnownFileType = text.plist.xml; path = Info.plist; sourceTree = "<group>"; };
		6B3A843F1FB2F7ED0039018E /* bbckitUITests.xctest */ = {isa = PBXFileReference; explicitFileType = wrapper.cfbundle; includeInIndex = 0; path = bbckitUITests.xctest; sourceTree = BUILT_PRODUCTS_DIR; };
		6B3A84431FB2F7ED0039018E /* bbckitUITests.m */ = {isa = PBXFileReference; lastKnownFileType = sourcecode.c.objc; path = bbckitUITests.m; sourceTree = "<group>"; };
		6B3A84451FB2F7ED0039018E /* Info.plist */ = {isa = PBXFileReference; lastKnownFileType = text.plist.xml; path = Info.plist; sourceTree = "<group>"; };
		6B3A84521FB2F9470039018E /* bbc_foundation.h */ = {isa = PBXFileReference; fileEncoding = 4; lastKnownFileType = sourcecode.c.h; path = bbc_foundation.h; sourceTree = "<group>"; };
		6B3A84541FB2F9470039018E /* NSData+BBCEncodingBase64.h */ = {isa = PBXFileReference; fileEncoding = 4; lastKnownFileType = sourcecode.c.h; path = "NSData+BBCEncodingBase64.h"; sourceTree = "<group>"; };
		6B3A84551FB2F9470039018E /* NSData+BBCEncodingBase64.m */ = {isa = PBXFileReference; fileEncoding = 4; lastKnownFileType = sourcecode.c.objc; path = "NSData+BBCEncodingBase64.m"; sourceTree = "<group>"; };
		6B3A84561FB2F9470039018E /* NSData+BBCSecurity.h */ = {isa = PBXFileReference; fileEncoding = 4; lastKnownFileType = sourcecode.c.h; path = "NSData+BBCSecurity.h"; sourceTree = "<group>"; };
		6B3A84571FB2F9470039018E /* NSData+BBCSecurity.m */ = {isa = PBXFileReference; fileEncoding = 4; lastKnownFileType = sourcecode.c.objc; path = "NSData+BBCSecurity.m"; sourceTree = "<group>"; };
		6B3A84591FB2F9470039018E /* NSDate+BBCFormat.h */ = {isa = PBXFileReference; fileEncoding = 4; lastKnownFileType = sourcecode.c.h; path = "NSDate+BBCFormat.h"; sourceTree = "<group>"; };
		6B3A845A1FB2F9470039018E /* NSDate+BBCFormat.m */ = {isa = PBXFileReference; fileEncoding = 4; lastKnownFileType = sourcecode.c.objc; path = "NSDate+BBCFormat.m"; sourceTree = "<group>"; };
		6B3A845C1FB2F9470039018E /* NSString+BBCCodingData.h */ = {isa = PBXFileReference; fileEncoding = 4; lastKnownFileType = sourcecode.c.h; path = "NSString+BBCCodingData.h"; sourceTree = "<group>"; };
		6B3A845D1FB2F9470039018E /* NSString+BBCCodingData.m */ = {isa = PBXFileReference; fileEncoding = 4; lastKnownFileType = sourcecode.c.objc; path = "NSString+BBCCodingData.m"; sourceTree = "<group>"; };
		6B3A845E1FB2F9470039018E /* NSString+BBCHelloString.h */ = {isa = PBXFileReference; fileEncoding = 4; lastKnownFileType = sourcecode.c.h; path = "NSString+BBCHelloString.h"; sourceTree = "<group>"; };
		6B3A845F1FB2F9470039018E /* NSString+BBCHelloString.m */ = {isa = PBXFileReference; fileEncoding = 4; lastKnownFileType = sourcecode.c.objc; path = "NSString+BBCHelloString.m"; sourceTree = "<group>"; };
		6B3A84601FB2F9470039018E /* NSString+BBCNSDate.h */ = {isa = PBXFileReference; fileEncoding = 4; lastKnownFileType = sourcecode.c.h; path = "NSString+BBCNSDate.h"; sourceTree = "<group>"; };
		6B3A84611FB2F9470039018E /* NSString+BBCNSDate.m */ = {isa = PBXFileReference; fileEncoding = 4; lastKnownFileType = sourcecode.c.objc; path = "NSString+BBCNSDate.m"; sourceTree = "<group>"; };
		6B3A84621FB2F9470039018E /* NSString+BBCStringSize.h */ = {isa = PBXFileReference; fileEncoding = 4; lastKnownFileType = sourcecode.c.h; path = "NSString+BBCStringSize.h"; sourceTree = "<group>"; };
		6B3A84631FB2F9470039018E /* NSString+BBCStringSize.m */ = {isa = PBXFileReference; fileEncoding = 4; lastKnownFileType = sourcecode.c.objc; path = "NSString+BBCStringSize.m"; sourceTree = "<group>"; };
		6B3A84651FB2F9470039018E /* NSTimer+BBCBlock.h */ = {isa = PBXFileReference; fileEncoding = 4; lastKnownFileType = sourcecode.c.h; path = "NSTimer+BBCBlock.h"; sourceTree = "<group>"; };
		6B3A84661FB2F9470039018E /* NSTimer+BBCBlock.m */ = {isa = PBXFileReference; fileEncoding = 4; lastKnownFileType = sourcecode.c.objc; path = "NSTimer+BBCBlock.m"; sourceTree = "<group>"; };
		6B3A84681FB2F9470039018E /* bbc_ui.h */ = {isa = PBXFileReference; fileEncoding = 4; lastKnownFileType = sourcecode.c.h; path = bbc_ui.h; sourceTree = "<group>"; };
		6B3A846A1FB2F9470039018E /* BBCBottomConstraintKeyboardAdapter.h */ = {isa = PBXFileReference; fileEncoding = 4; lastKnownFileType = sourcecode.c.h; path = BBCBottomConstraintKeyboardAdapter.h; sourceTree = "<group>"; };
		6B3A846B1FB2F9470039018E /* BBCBottomConstraintKeyboardAdapter.m */ = {isa = PBXFileReference; fileEncoding = 4; lastKnownFileType = sourcecode.c.objc; path = BBCBottomConstraintKeyboardAdapter.m; sourceTree = "<group>"; };
		6B3A846D1FB2F9470039018E /* UIApplication+BBCCompatibleOpenURL.h */ = {isa = PBXFileReference; fileEncoding = 4; lastKnownFileType = sourcecode.c.h; path = "UIApplication+BBCCompatibleOpenURL.h"; sourceTree = "<group>"; };
		6B3A846E1FB2F9470039018E /* UIApplication+BBCCompatibleOpenURL.m */ = {isa = PBXFileReference; fileEncoding = 4; lastKnownFileType = sourcecode.c.objc; path = "UIApplication+BBCCompatibleOpenURL.m"; sourceTree = "<group>"; };
		6B3A84701FB2F9470039018E /* UIButton+BBCPresentation.h */ = {isa = PBXFileReference; fileEncoding = 4; lastKnownFileType = sourcecode.c.h; path = "UIButton+BBCPresentation.h"; sourceTree = "<group>"; };
		6B3A84711FB2F9470039018E /* UIButton+BBCPresentation.m */ = {isa = PBXFileReference; fileEncoding = 4; lastKnownFileType = sourcecode.c.objc; path = "UIButton+BBCPresentation.m"; sourceTree = "<group>"; };
		6B3A84731FB2F9470039018E /* UIColor+BBCColorAdditions.h */ = {isa = PBXFileReference; fileEncoding = 4; lastKnownFileType = sourcecode.c.h; path = "UIColor+BBCColorAdditions.h"; sourceTree = "<group>"; };
		6B3A84741FB2F9470039018E /* UIColor+BBCColorAdditions.m */ = {isa = PBXFileReference; fileEncoding = 4; lastKnownFileType = sourcecode.c.objc; path = "UIColor+BBCColorAdditions.m"; sourceTree = "<group>"; };
		6B3A84761FB2F9470039018E /* UIDevice+BBCAdditions.h */ = {isa = PBXFileReference; fileEncoding = 4; lastKnownFileType = sourcecode.c.h; path = "UIDevice+BBCAdditions.h"; sourceTree = "<group>"; };
		6B3A84771FB2F9470039018E /* UIDevice+BBCAdditions.m */ = {isa = PBXFileReference; fileEncoding = 4; lastKnownFileType = sourcecode.c.objc; path = "UIDevice+BBCAdditions.m"; sourceTree = "<group>"; };
		6B3A84781FB2F9470039018E /* UIDevice+BBCHardware.h */ = {isa = PBXFileReference; fileEncoding = 4; lastKnownFileType = sourcecode.c.h; path = "UIDevice+BBCHardware.h"; sourceTree = "<group>"; };
		6B3A84791FB2F9470039018E /* UIDevice+BBCHardware.m */ = {isa = PBXFileReference; fileEncoding = 4; lastKnownFileType = sourcecode.c.objc; path = "UIDevice+BBCHardware.m"; sourceTree = "<group>"; };
		6B3A847A1FB2F9470039018E /* UIDevice+BBCPlatform.h */ = {isa = PBXFileReference; fileEncoding = 4; lastKnownFileType = sourcecode.c.h; path = "UIDevice+BBCPlatform.h"; sourceTree = "<group>"; };
		6B3A847B1FB2F9470039018E /* UIDevice+BBCPlatform.m */ = {isa = PBXFileReference; fileEncoding = 4; lastKnownFileType = sourcecode.c.objc; path = "UIDevice+BBCPlatform.m"; sourceTree = "<group>"; };
		6B3A847D1FB2F9470039018E /* UIImage+BBCCompress.h */ = {isa = PBXFileReference; fileEncoding = 4; lastKnownFileType = sourcecode.c.h; path = "UIImage+BBCCompress.h"; sourceTree = "<group>"; };
		6B3A847E1FB2F9470039018E /* UIImage+BBCCompress.m */ = {isa = PBXFileReference; fileEncoding = 4; lastKnownFileType = sourcecode.c.objc; path = "UIImage+BBCCompress.m"; sourceTree = "<group>"; };
		6B3A847F1FB2F9470039018E /* UIImage+BBCDataConversation.h */ = {isa = PBXFileReference; fileEncoding = 4; lastKnownFileType = sourcecode.c.h; path = "UIImage+BBCDataConversation.h"; sourceTree = "<group>"; };
		6B3A84801FB2F9470039018E /* UIImage+BBCDataConversation.m */ = {isa = PBXFileReference; fileEncoding = 4; lastKnownFileType = sourcecode.c.objc; path = "UIImage+BBCDataConversation.m"; sourceTree = "<group>"; };
		6B3A84811FB2F9470039018E /* UIImage+BBCPureColor.h */ = {isa = PBXFileReference; fileEncoding = 4; lastKnownFileType = sourcecode.c.h; path = "UIImage+BBCPureColor.h"; sourceTree = "<group>"; };
		6B3A84821FB2F9470039018E /* UIImage+BBCPureColor.m */ = {isa = PBXFileReference; fileEncoding = 4; lastKnownFileType = sourcecode.c.objc; path = "UIImage+BBCPureColor.m"; sourceTree = "<group>"; };
		6B3A84831FB2F9470039018E /* UIImage+BBCSaveToAlbum.h */ = {isa = PBXFileReference; fileEncoding = 4; lastKnownFileType = sourcecode.c.h; path = "UIImage+BBCSaveToAlbum.h"; sourceTree = "<group>"; };
		6B3A84841FB2F9470039018E /* UIImage+BBCSaveToAlbum.m */ = {isa = PBXFileReference; fileEncoding = 4; lastKnownFileType = sourcecode.c.objc; path = "UIImage+BBCSaveToAlbum.m"; sourceTree = "<group>"; };
		6B3A84861FB2F9470039018E /* UIView+BBCBadge.h */ = {isa = PBXFileReference; fileEncoding = 4; lastKnownFileType = sourcecode.c.h; path = "UIView+BBCBadge.h"; sourceTree = "<group>"; };
		6B3A84871FB2F9470039018E /* UIView+BBCBadge.m */ = {isa = PBXFileReference; fileEncoding = 4; lastKnownFileType = sourcecode.c.objc; path = "UIView+BBCBadge.m"; sourceTree = "<group>"; };
		6B3A84881FB2F9470039018E /* UIView+BBCBorder.h */ = {isa = PBXFileReference; fileEncoding = 4; lastKnownFileType = sourcecode.c.h; path = "UIView+BBCBorder.h"; sourceTree = "<group>"; };
		6B3A84891FB2F9470039018E /* UIView+BBCBorder.m */ = {isa = PBXFileReference; fileEncoding = 4; lastKnownFileType = sourcecode.c.objc; path = "UIView+BBCBorder.m"; sourceTree = "<group>"; };
		6B3A848A1FB2F9470039018E /* UIView+BBCHelloView.h */ = {isa = PBXFileReference; fileEncoding = 4; lastKnownFileType = sourcecode.c.h; path = "UIView+BBCHelloView.h"; sourceTree = "<group>"; };
		6B3A848B1FB2F9470039018E /* UIView+BBCHelloView.m */ = {isa = PBXFileReference; fileEncoding = 4; lastKnownFileType = sourcecode.c.objc; path = "UIView+BBCHelloView.m"; sourceTree = "<group>"; };
		6B3A848C1FB2F9470039018E /* UIView+BBCLoadingIndicator.h */ = {isa = PBXFileReference; fileEncoding = 4; lastKnownFileType = sourcecode.c.h; path = "UIView+BBCLoadingIndicator.h"; sourceTree = "<group>"; };
		6B3A848D1FB2F9470039018E /* UIView+BBCLoadingIndicator.m */ = {isa = PBXFileReference; fileEncoding = 4; lastKnownFileType = sourcecode.c.objc; path = "UIView+BBCLoadingIndicator.m"; sourceTree = "<group>"; };
		6B3A848E1FB2F9470039018E /* UIView+BBCNib.h */ = {isa = PBXFileReference; fileEncoding = 4; lastKnownFileType = sourcecode.c.h; path = "UIView+BBCNib.h"; sourceTree = "<group>"; };
		6B3A848F1FB2F9470039018E /* UIView+BBCNib.m */ = {isa = PBXFileReference; fileEncoding = 4; lastKnownFileType = sourcecode.c.objc; path = "UIView+BBCNib.m"; sourceTree = "<group>"; };
		6B3A84901FB2F9470039018E /* UIView+BBCPresentation.h */ = {isa = PBXFileReference; fileEncoding = 4; lastKnownFileType = sourcecode.c.h; path = "UIView+BBCPresentation.h"; sourceTree = "<group>"; };
		6B3A84911FB2F9470039018E /* UIView+BBCPresentation.m */ = {isa = PBXFileReference; fileEncoding = 4; lastKnownFileType = sourcecode.c.objc; path = "UIView+BBCPresentation.m"; sourceTree = "<group>"; };
		6B3A84921FB2F9470039018E /* UIView+BBCSpin.h */ = {isa = PBXFileReference; fileEncoding = 4; lastKnownFileType = sourcecode.c.h; path = "UIView+BBCSpin.h"; sourceTree = "<group>"; };
		6B3A84931FB2F9470039018E /* UIView+BBCSpin.m */ = {isa = PBXFileReference; fileEncoding = 4; lastKnownFileType = sourcecode.c.objc; path = "UIView+BBCSpin.m"; sourceTree = "<group>"; };
		6B3A84951FB2F9470039018E /* UIViewController+BBCCurrentJudgement.h */ = {isa = PBXFileReference; fileEncoding = 4; lastKnownFileType = sourcecode.c.h; path = "UIViewController+BBCCurrentJudgement.h"; sourceTree = "<group>"; };
		6B3A84961FB2F9470039018E /* UIViewController+BBCCurrentJudgement.m */ = {isa = PBXFileReference; fileEncoding = 4; lastKnownFileType = sourcecode.c.objc; path = "UIViewController+BBCCurrentJudgement.m"; sourceTree = "<group>"; };
		6B3A84971FB2F9470039018E /* UIViewController+BBCIsSupoort3DTouch.h */ = {isa = PBXFileReference; fileEncoding = 4; lastKnownFileType = sourcecode.c.h; path = "UIViewController+BBCIsSupoort3DTouch.h"; sourceTree = "<group>"; };
		6B3A84981FB2F9470039018E /* UIViewController+BBCIsSupoort3DTouch.m */ = {isa = PBXFileReference; fileEncoding = 4; lastKnownFileType = sourcecode.c.objc; path = "UIViewController+BBCIsSupoort3DTouch.m"; sourceTree = "<group>"; };
		6B3A84991FB2F9470039018E /* UIViewController+BBCPagingTableView.h */ = {isa = PBXFileReference; fileEncoding = 4; lastKnownFileType = sourcecode.c.h; path = "UIViewController+BBCPagingTableView.h"; sourceTree = "<group>"; };
		6B3A849A1FB2F9470039018E /* UIViewController+BBCPagingTableView.m */ = {isa = PBXFileReference; fileEncoding = 4; lastKnownFileType = sourcecode.c.objc; path = "UIViewController+BBCPagingTableView.m"; sourceTree = "<group>"; };
/* End PBXFileReference section */

/* Begin PBXFrameworksBuildPhase section */
		6B3A84161FB2F7EC0039018E /* Frameworks */ = {
			isa = PBXFrameworksBuildPhase;
			buildActionMask = 2147483647;
			files = (
			);
			runOnlyForDeploymentPostprocessing = 0;
		};
		6B3A84311FB2F7ED0039018E /* Frameworks */ = {
			isa = PBXFrameworksBuildPhase;
			buildActionMask = 2147483647;
			files = (
			);
			runOnlyForDeploymentPostprocessing = 0;
		};
		6B3A843C1FB2F7ED0039018E /* Frameworks */ = {
			isa = PBXFrameworksBuildPhase;
			buildActionMask = 2147483647;
			files = (
			);
			runOnlyForDeploymentPostprocessing = 0;
		};
/* End PBXFrameworksBuildPhase section */

/* Begin PBXGroup section */
		6B3A84101FB2F7EC0039018E = {
			isa = PBXGroup;
			children = (
				6B3A841B1FB2F7EC0039018E /* bbckit */,
				6B3A84371FB2F7ED0039018E /* bbckitTests */,
				6B3A84421FB2F7ED0039018E /* bbckitUITests */,
				6B3A841A1FB2F7EC0039018E /* Products */,
			);
			sourceTree = "<group>";
		};
		6B3A841A1FB2F7EC0039018E /* Products */ = {
			isa = PBXGroup;
			children = (
				6B3A84191FB2F7EC0039018E /* bbckit.app */,
				6B3A84341FB2F7ED0039018E /* bbckitTests.xctest */,
				6B3A843F1FB2F7ED0039018E /* bbckitUITests.xctest */,
			);
			name = Products;
			sourceTree = "<group>";
		};
		6B3A841B1FB2F7EC0039018E /* bbckit */ = {
			isa = PBXGroup;
			children = (
				6B3A84511FB2F9470039018E /* Foundation */,
				6B3A84671FB2F9470039018E /* UI */,
				6B3A841C1FB2F7EC0039018E /* AppDelegate.h */,
				6B3A841D1FB2F7EC0039018E /* AppDelegate.m */,
				6B3A841F1FB2F7EC0039018E /* FirstViewController.h */,
				6B3A84201FB2F7EC0039018E /* FirstViewController.m */,
				6B3A84221FB2F7EC0039018E /* SecondViewController.h */,
				6B3A84231FB2F7ED0039018E /* SecondViewController.m */,
				6B3A84251FB2F7ED0039018E /* Main.storyboard */,
				6B3A84281FB2F7ED0039018E /* Assets.xcassets */,
				6B3A842A1FB2F7ED0039018E /* LaunchScreen.storyboard */,
				6B3A842D1FB2F7ED0039018E /* Info.plist */,
				6B3A842E1FB2F7ED0039018E /* main.m */,
			);
			path = bbckit;
			sourceTree = "<group>";
		};
		6B3A84371FB2F7ED0039018E /* bbckitTests */ = {
			isa = PBXGroup;
			children = (
				6B3A84381FB2F7ED0039018E /* bbckitTests.m */,
				6B3A843A1FB2F7ED0039018E /* Info.plist */,
			);
			path = bbckitTests;
			sourceTree = "<group>";
		};
		6B3A84421FB2F7ED0039018E /* bbckitUITests */ = {
			isa = PBXGroup;
			children = (
				6B3A84431FB2F7ED0039018E /* bbckitUITests.m */,
				6B3A84451FB2F7ED0039018E /* Info.plist */,
			);
			path = bbckitUITests;
			sourceTree = "<group>";
		};
		6B3A84511FB2F9470039018E /* Foundation */ = {
			isa = PBXGroup;
			children = (
				6B3A84521FB2F9470039018E /* bbc_foundation.h */,
				6B3A84531FB2F9470039018E /* NSData */,
				6B3A84581FB2F9470039018E /* NSDate */,
				6B3A845B1FB2F9470039018E /* NSString */,
				6B3A84641FB2F9470039018E /* NSTimer */,
			);
			path = Foundation;
			sourceTree = "<group>";
		};
		6B3A84531FB2F9470039018E /* NSData */ = {
			isa = PBXGroup;
			children = (
				6B3A84541FB2F9470039018E /* NSData+BBCEncodingBase64.h */,
				6B3A84551FB2F9470039018E /* NSData+BBCEncodingBase64.m */,
				6B3A84561FB2F9470039018E /* NSData+BBCSecurity.h */,
				6B3A84571FB2F9470039018E /* NSData+BBCSecurity.m */,
			);
			path = NSData;
			sourceTree = "<group>";
		};
		6B3A84581FB2F9470039018E /* NSDate */ = {
			isa = PBXGroup;
			children = (
				6B3A84591FB2F9470039018E /* NSDate+BBCFormat.h */,
				6B3A845A1FB2F9470039018E /* NSDate+BBCFormat.m */,
			);
			path = NSDate;
			sourceTree = "<group>";
		};
		6B3A845B1FB2F9470039018E /* NSString */ = {
			isa = PBXGroup;
			children = (
				6B3A845C1FB2F9470039018E /* NSString+BBCCodingData.h */,
				6B3A845D1FB2F9470039018E /* NSString+BBCCodingData.m */,
				6B3A845E1FB2F9470039018E /* NSString+BBCHelloString.h */,
				6B3A845F1FB2F9470039018E /* NSString+BBCHelloString.m */,
				6B3A84601FB2F9470039018E /* NSString+BBCNSDate.h */,
				6B3A84611FB2F9470039018E /* NSString+BBCNSDate.m */,
				6B3A84621FB2F9470039018E /* NSString+BBCStringSize.h */,
				6B3A84631FB2F9470039018E /* NSString+BBCStringSize.m */,
			);
			path = NSString;
			sourceTree = "<group>";
		};
		6B3A84641FB2F9470039018E /* NSTimer */ = {
			isa = PBXGroup;
			children = (
				6B3A84651FB2F9470039018E /* NSTimer+BBCBlock.h */,
				6B3A84661FB2F9470039018E /* NSTimer+BBCBlock.m */,
			);
			path = NSTimer;
			sourceTree = "<group>";
		};
		6B3A84671FB2F9470039018E /* UI */ = {
			isa = PBXGroup;
			children = (
				6B3A84681FB2F9470039018E /* bbc_ui.h */,
				6B3A84691FB2F9470039018E /* BBCBottomConstraintKeyboardAdapter */,
				6B3A846C1FB2F9470039018E /* UIApplication */,
				6B3A846F1FB2F9470039018E /* UIButton */,
				6B3A84721FB2F9470039018E /* UIColor */,
				6B3A84751FB2F9470039018E /* UIDevice */,
				6B3A847C1FB2F9470039018E /* UIImage */,
				6B3A84851FB2F9470039018E /* UIView */,
				6B3A84941FB2F9470039018E /* UIViewController */,
			);
			path = UI;
			sourceTree = "<group>";
		};
		6B3A84691FB2F9470039018E /* BBCBottomConstraintKeyboardAdapter */ = {
			isa = PBXGroup;
			children = (
				6B3A846A1FB2F9470039018E /* BBCBottomConstraintKeyboardAdapter.h */,
				6B3A846B1FB2F9470039018E /* BBCBottomConstraintKeyboardAdapter.m */,
			);
			path = BBCBottomConstraintKeyboardAdapter;
			sourceTree = "<group>";
		};
		6B3A846C1FB2F9470039018E /* UIApplication */ = {
			isa = PBXGroup;
			children = (
				6B3A846D1FB2F9470039018E /* UIApplication+BBCCompatibleOpenURL.h */,
				6B3A846E1FB2F9470039018E /* UIApplication+BBCCompatibleOpenURL.m */,
				6B1E266D1FB43F09006B376F /* UIApplication+BBCSharedApplication.h */,
				6B1E266E1FB43F09006B376F /* UIApplication+BBCSharedApplication.m */,
			);
			path = UIApplication;
			sourceTree = "<group>";
		};
		6B3A846F1FB2F9470039018E /* UIButton */ = {
			isa = PBXGroup;
			children = (
				6B3A84701FB2F9470039018E /* UIButton+BBCPresentation.h */,
				6B3A84711FB2F9470039018E /* UIButton+BBCPresentation.m */,
			);
			path = UIButton;
			sourceTree = "<group>";
		};
		6B3A84721FB2F9470039018E /* UIColor */ = {
			isa = PBXGroup;
			children = (
				6B3A84731FB2F9470039018E /* UIColor+BBCColorAdditions.h */,
				6B3A84741FB2F9470039018E /* UIColor+BBCColorAdditions.m */,
			);
			path = UIColor;
			sourceTree = "<group>";
		};
		6B3A84751FB2F9470039018E /* UIDevice */ = {
			isa = PBXGroup;
			children = (
				6B3A84761FB2F9470039018E /* UIDevice+BBCAdditions.h */,
				6B3A84771FB2F9470039018E /* UIDevice+BBCAdditions.m */,
				6B3A84781FB2F9470039018E /* UIDevice+BBCHardware.h */,
				6B3A84791FB2F9470039018E /* UIDevice+BBCHardware.m */,
				6B3A847A1FB2F9470039018E /* UIDevice+BBCPlatform.h */,
				6B3A847B1FB2F9470039018E /* UIDevice+BBCPlatform.m */,
			);
			path = UIDevice;
			sourceTree = "<group>";
		};
		6B3A847C1FB2F9470039018E /* UIImage */ = {
			isa = PBXGroup;
			children = (
				6B3A847D1FB2F9470039018E /* UIImage+BBCCompress.h */,
				6B3A847E1FB2F9470039018E /* UIImage+BBCCompress.m */,
				6B3A847F1FB2F9470039018E /* UIImage+BBCDataConversation.h */,
				6B3A84801FB2F9470039018E /* UIImage+BBCDataConversation.m */,
				6B3A84811FB2F9470039018E /* UIImage+BBCPureColor.h */,
				6B3A84821FB2F9470039018E /* UIImage+BBCPureColor.m */,
				6B3A84831FB2F9470039018E /* UIImage+BBCSaveToAlbum.h */,
				6B3A84841FB2F9470039018E /* UIImage+BBCSaveToAlbum.m */,
			);
			path = UIImage;
			sourceTree = "<group>";
		};
		6B3A84851FB2F9470039018E /* UIView */ = {
			isa = PBXGroup;
			children = (
				6B3A84861FB2F9470039018E /* UIView+BBCBadge.h */,
				6B3A84871FB2F9470039018E /* UIView+BBCBadge.m */,
				6B3A84881FB2F9470039018E /* UIView+BBCBorder.h */,
				6B3A84891FB2F9470039018E /* UIView+BBCBorder.m */,
				6B3A848A1FB2F9470039018E /* UIView+BBCHelloView.h */,
				6B3A848B1FB2F9470039018E /* UIView+BBCHelloView.m */,
				6B3A848C1FB2F9470039018E /* UIView+BBCLoadingIndicator.h */,
				6B3A848D1FB2F9470039018E /* UIView+BBCLoadingIndicator.m */,
				6B3A848E1FB2F9470039018E /* UIView+BBCNib.h */,
				6B3A848F1FB2F9470039018E /* UIView+BBCNib.m */,
				6B3A84901FB2F9470039018E /* UIView+BBCPresentation.h */,
				6B3A84911FB2F9470039018E /* UIView+BBCPresentation.m */,
				6B3A84921FB2F9470039018E /* UIView+BBCSpin.h */,
				6B3A84931FB2F9470039018E /* UIView+BBCSpin.m */,
			);
			path = UIView;
			sourceTree = "<group>";
		};
		6B3A84941FB2F9470039018E /* UIViewController */ = {
			isa = PBXGroup;
			children = (
				6B3A84951FB2F9470039018E /* UIViewController+BBCCurrentJudgement.h */,
				6B3A84961FB2F9470039018E /* UIViewController+BBCCurrentJudgement.m */,
				6B3A84971FB2F9470039018E /* UIViewController+BBCIsSupoort3DTouch.h */,
				6B3A84981FB2F9470039018E /* UIViewController+BBCIsSupoort3DTouch.m */,
				6B3A84991FB2F9470039018E /* UIViewController+BBCPagingTableView.h */,
				6B3A849A1FB2F9470039018E /* UIViewController+BBCPagingTableView.m */,
			);
			path = UIViewController;
			sourceTree = "<group>";
		};
/* End PBXGroup section */

/* Begin PBXNativeTarget section */
		6B3A84181FB2F7EC0039018E /* bbckit */ = {
			isa = PBXNativeTarget;
			buildConfigurationList = 6B3A84481FB2F7ED0039018E /* Build configuration list for PBXNativeTarget "bbckit" */;
			buildPhases = (
				6B3A84151FB2F7EC0039018E /* Sources */,
				6B3A84161FB2F7EC0039018E /* Frameworks */,
				6B3A84171FB2F7EC0039018E /* Resources */,
			);
			buildRules = (
			);
			dependencies = (
			);
			name = bbckit;
			productName = bbckit;
			productReference = 6B3A84191FB2F7EC0039018E /* bbckit.app */;
			productType = "com.apple.product-type.application";
		};
		6B3A84331FB2F7ED0039018E /* bbckitTests */ = {
			isa = PBXNativeTarget;
			buildConfigurationList = 6B3A844B1FB2F7ED0039018E /* Build configuration list for PBXNativeTarget "bbckitTests" */;
			buildPhases = (
				6B3A84301FB2F7ED0039018E /* Sources */,
				6B3A84311FB2F7ED0039018E /* Frameworks */,
				6B3A84321FB2F7ED0039018E /* Resources */,
			);
			buildRules = (
			);
			dependencies = (
				6B3A84361FB2F7ED0039018E /* PBXTargetDependency */,
			);
			name = bbckitTests;
			productName = bbckitTests;
			productReference = 6B3A84341FB2F7ED0039018E /* bbckitTests.xctest */;
			productType = "com.apple.product-type.bundle.unit-test";
		};
		6B3A843E1FB2F7ED0039018E /* bbckitUITests */ = {
			isa = PBXNativeTarget;
			buildConfigurationList = 6B3A844E1FB2F7ED0039018E /* Build configuration list for PBXNativeTarget "bbckitUITests" */;
			buildPhases = (
				6B3A843B1FB2F7ED0039018E /* Sources */,
				6B3A843C1FB2F7ED0039018E /* Frameworks */,
				6B3A843D1FB2F7ED0039018E /* Resources */,
			);
			buildRules = (
			);
			dependencies = (
				6B3A84411FB2F7ED0039018E /* PBXTargetDependency */,
			);
			name = bbckitUITests;
			productName = bbckitUITests;
			productReference = 6B3A843F1FB2F7ED0039018E /* bbckitUITests.xctest */;
			productType = "com.apple.product-type.bundle.ui-testing";
		};
/* End PBXNativeTarget section */

/* Begin PBXProject section */
		6B3A84111FB2F7EC0039018E /* Project object */ = {
			isa = PBXProject;
			attributes = {
				LastUpgradeCheck = 0910;
				ORGANIZATIONNAME = yy;
				TargetAttributes = {
					6B3A84181FB2F7EC0039018E = {
						CreatedOnToolsVersion = 9.1;
						ProvisioningStyle = Automatic;
					};
					6B3A84331FB2F7ED0039018E = {
						CreatedOnToolsVersion = 9.1;
						ProvisioningStyle = Automatic;
						TestTargetID = 6B3A84181FB2F7EC0039018E;
					};
					6B3A843E1FB2F7ED0039018E = {
						CreatedOnToolsVersion = 9.1;
						ProvisioningStyle = Automatic;
						TestTargetID = 6B3A84181FB2F7EC0039018E;
					};
				};
			};
			buildConfigurationList = 6B3A84141FB2F7EC0039018E /* Build configuration list for PBXProject "bbckit" */;
			compatibilityVersion = "Xcode 8.0";
			developmentRegion = en;
			hasScannedForEncodings = 0;
			knownRegions = (
				en,
				Base,
			);
			mainGroup = 6B3A84101FB2F7EC0039018E;
			productRefGroup = 6B3A841A1FB2F7EC0039018E /* Products */;
			projectDirPath = "";
			projectRoot = "";
			targets = (
				6B3A84181FB2F7EC0039018E /* bbckit */,
				6B3A84331FB2F7ED0039018E /* bbckitTests */,
				6B3A843E1FB2F7ED0039018E /* bbckitUITests */,
			);
		};
/* End PBXProject section */

/* Begin PBXResourcesBuildPhase section */
		6B3A84171FB2F7EC0039018E /* Resources */ = {
			isa = PBXResourcesBuildPhase;
			buildActionMask = 2147483647;
			files = (
				6B3A842C1FB2F7ED0039018E /* LaunchScreen.storyboard in Resources */,
				6B3A84291FB2F7ED0039018E /* Assets.xcassets in Resources */,
				6B3A84271FB2F7ED0039018E /* Main.storyboard in Resources */,
			);
			runOnlyForDeploymentPostprocessing = 0;
		};
		6B3A84321FB2F7ED0039018E /* Resources */ = {
			isa = PBXResourcesBuildPhase;
			buildActionMask = 2147483647;
			files = (
			);
			runOnlyForDeploymentPostprocessing = 0;
		};
		6B3A843D1FB2F7ED0039018E /* Resources */ = {
			isa = PBXResourcesBuildPhase;
			buildActionMask = 2147483647;
			files = (
			);
			runOnlyForDeploymentPostprocessing = 0;
		};
/* End PBXResourcesBuildPhase section */

/* Begin PBXSourcesBuildPhase section */
		6B3A84151FB2F7EC0039018E /* Sources */ = {
			isa = PBXSourcesBuildPhase;
			buildActionMask = 2147483647;
			files = (
				6B3A84A41FB2F9470039018E /* UIApplication+BBCCompatibleOpenURL.m in Sources */,
				6B3A84A21FB2F9470039018E /* NSTimer+BBCBlock.m in Sources */,
				6B3A84B61FB2F9470039018E /* UIViewController+BBCIsSupoort3DTouch.m in Sources */,
				6B3A84A71FB2F9470039018E /* UIDevice+BBCAdditions.m in Sources */,
				6B3A84241FB2F7ED0039018E /* SecondViewController.m in Sources */,
				6B3A84A91FB2F9470039018E /* UIDevice+BBCPlatform.m in Sources */,
				6B3A84B51FB2F9470039018E /* UIViewController+BBCCurrentJudgement.m in Sources */,
				6B3A84B11FB2F9470039018E /* UIView+BBCLoadingIndicator.m in Sources */,
				6B1E266F1FB43F09006B376F /* UIApplication+BBCSharedApplication.m in Sources */,
				6B3A84A61FB2F9470039018E /* UIColor+BBCColorAdditions.m in Sources */,
				6B3A841E1FB2F7EC0039018E /* AppDelegate.m in Sources */,
				6B3A84AF1FB2F9470039018E /* UIView+BBCBorder.m in Sources */,
				6B3A84AA1FB2F9470039018E /* UIImage+BBCCompress.m in Sources */,
				6B3A84A11FB2F9470039018E /* NSString+BBCStringSize.m in Sources */,
				6B3A842F1FB2F7ED0039018E /* main.m in Sources */,
				6B3A849E1FB2F9470039018E /* NSString+BBCCodingData.m in Sources */,
				6B3A84B01FB2F9470039018E /* UIView+BBCHelloView.m in Sources */,
				6B3A84B71FB2F9470039018E /* UIViewController+BBCPagingTableView.m in Sources */,
				6B3A84B41FB2F9470039018E /* UIView+BBCSpin.m in Sources */,
				6B3A84B21FB2F9470039018E /* UIView+BBCNib.m in Sources */,
				6B3A84A81FB2F9470039018E /* UIDevice+BBCHardware.m in Sources */,
				6B3A84A01FB2F9470039018E /* NSString+BBCNSDate.m in Sources */,
				6B3A849B1FB2F9470039018E /* NSData+BBCEncodingBase64.m in Sources */,
				6B3A849C1FB2F9470039018E /* NSData+BBCSecurity.m in Sources */,
				6B3A849D1FB2F9470039018E /* NSDate+BBCFormat.m in Sources */,
				6B3A84A31FB2F9470039018E /* BBCBottomConstraintKeyboardAdapter.m in Sources */,
				6B3A84AC1FB2F9470039018E /* UIImage+BBCPureColor.m in Sources */,
				6B3A84AE1FB2F9470039018E /* UIView+BBCBadge.m in Sources */,
				6B3A84B31FB2F9470039018E /* UIView+BBCPresentation.m in Sources */,
				6B3A84AD1FB2F9470039018E /* UIImage+BBCSaveToAlbum.m in Sources */,
				6B3A849F1FB2F9470039018E /* NSString+BBCHelloString.m in Sources */,
				6B3A84211FB2F7EC0039018E /* FirstViewController.m in Sources */,
				6B3A84AB1FB2F9470039018E /* UIImage+BBCDataConversation.m in Sources */,
				6B3A84A51FB2F9470039018E /* UIButton+BBCPresentation.m in Sources */,
			);
			runOnlyForDeploymentPostprocessing = 0;
		};
		6B3A84301FB2F7ED0039018E /* Sources */ = {
			isa = PBXSourcesBuildPhase;
			buildActionMask = 2147483647;
			files = (
				6B3A84391FB2F7ED0039018E /* bbckitTests.m in Sources */,
			);
			runOnlyForDeploymentPostprocessing = 0;
		};
		6B3A843B1FB2F7ED0039018E /* Sources */ = {
			isa = PBXSourcesBuildPhase;
			buildActionMask = 2147483647;
			files = (
				6B3A84441FB2F7ED0039018E /* bbckitUITests.m in Sources */,
			);
			runOnlyForDeploymentPostprocessing = 0;
		};
/* End PBXSourcesBuildPhase section */

/* Begin PBXTargetDependency section */
		6B3A84361FB2F7ED0039018E /* PBXTargetDependency */ = {
			isa = PBXTargetDependency;
			target = 6B3A84181FB2F7EC0039018E /* bbckit */;
			targetProxy = 6B3A84351FB2F7ED0039018E /* PBXContainerItemProxy */;
		};
		6B3A84411FB2F7ED0039018E /* PBXTargetDependency */ = {
			isa = PBXTargetDependency;
			target = 6B3A84181FB2F7EC0039018E /* bbckit */;
			targetProxy = 6B3A84401FB2F7ED0039018E /* PBXContainerItemProxy */;
		};
/* End PBXTargetDependency section */

/* Begin PBXVariantGroup section */
		6B3A84251FB2F7ED0039018E /* Main.storyboard */ = {
			isa = PBXVariantGroup;
			children = (
				6B3A84261FB2F7ED0039018E /* Base */,
			);
			name = Main.storyboard;
			sourceTree = "<group>";
		};
		6B3A842A1FB2F7ED0039018E /* LaunchScreen.storyboard */ = {
			isa = PBXVariantGroup;
			children = (
				6B3A842B1FB2F7ED0039018E /* Base */,
			);
			name = LaunchScreen.storyboard;
			sourceTree = "<group>";
		};
/* End PBXVariantGroup section */

/* Begin XCBuildConfiguration section */
		6B3A84461FB2F7ED0039018E /* Debug */ = {
			isa = XCBuildConfiguration;
			buildSettings = {
				ALWAYS_SEARCH_USER_PATHS = NO;
				CLANG_ANALYZER_NONNULL = YES;
				CLANG_ANALYZER_NUMBER_OBJECT_CONVERSION = YES_AGGRESSIVE;
				CLANG_CXX_LANGUAGE_STANDARD = "gnu++14";
				CLANG_CXX_LIBRARY = "libc++";
				CLANG_ENABLE_MODULES = YES;
				CLANG_ENABLE_OBJC_ARC = YES;
				CLANG_WARN_BLOCK_CAPTURE_AUTORELEASING = YES;
				CLANG_WARN_BOOL_CONVERSION = YES;
				CLANG_WARN_COMMA = YES;
				CLANG_WARN_CONSTANT_CONVERSION = YES;
				CLANG_WARN_DIRECT_OBJC_ISA_USAGE = YES_ERROR;
				CLANG_WARN_DOCUMENTATION_COMMENTS = YES;
				CLANG_WARN_EMPTY_BODY = YES;
				CLANG_WARN_ENUM_CONVERSION = YES;
				CLANG_WARN_INFINITE_RECURSION = YES;
				CLANG_WARN_INT_CONVERSION = YES;
				CLANG_WARN_NON_LITERAL_NULL_CONVERSION = YES;
				CLANG_WARN_OBJC_LITERAL_CONVERSION = YES;
				CLANG_WARN_OBJC_ROOT_CLASS = YES_ERROR;
				CLANG_WARN_RANGE_LOOP_ANALYSIS = YES;
				CLANG_WARN_STRICT_PROTOTYPES = YES;
				CLANG_WARN_SUSPICIOUS_MOVE = YES;
				CLANG_WARN_UNGUARDED_AVAILABILITY = YES_AGGRESSIVE;
				CLANG_WARN_UNREACHABLE_CODE = YES;
				CLANG_WARN__DUPLICATE_METHOD_MATCH = YES;
				CODE_SIGN_IDENTITY = "iPhone Developer";
				COPY_PHASE_STRIP = NO;
				DEBUG_INFORMATION_FORMAT = dwarf;
				ENABLE_STRICT_OBJC_MSGSEND = YES;
				ENABLE_TESTABILITY = YES;
				GCC_C_LANGUAGE_STANDARD = gnu11;
				GCC_DYNAMIC_NO_PIC = NO;
				GCC_NO_COMMON_BLOCKS = YES;
				GCC_OPTIMIZATION_LEVEL = 0;
				GCC_PREPROCESSOR_DEFINITIONS = (
					"DEBUG=1",
					"$(inherited)",
				);
				GCC_WARN_64_TO_32_BIT_CONVERSION = YES;
				GCC_WARN_ABOUT_RETURN_TYPE = YES_ERROR;
				GCC_WARN_UNDECLARED_SELECTOR = YES;
				GCC_WARN_UNINITIALIZED_AUTOS = YES_AGGRESSIVE;
				GCC_WARN_UNUSED_FUNCTION = YES;
				GCC_WARN_UNUSED_VARIABLE = YES;
				IPHONEOS_DEPLOYMENT_TARGET = 11.1;
				MTL_ENABLE_DEBUG_INFO = YES;
				ONLY_ACTIVE_ARCH = YES;
				SDKROOT = iphoneos;
			};
			name = Debug;
		};
		6B3A84471FB2F7ED0039018E /* Release */ = {
			isa = XCBuildConfiguration;
			buildSettings = {
				ALWAYS_SEARCH_USER_PATHS = NO;
				CLANG_ANALYZER_NONNULL = YES;
				CLANG_ANALYZER_NUMBER_OBJECT_CONVERSION = YES_AGGRESSIVE;
				CLANG_CXX_LANGUAGE_STANDARD = "gnu++14";
				CLANG_CXX_LIBRARY = "libc++";
				CLANG_ENABLE_MODULES = YES;
				CLANG_ENABLE_OBJC_ARC = YES;
				CLANG_WARN_BLOCK_CAPTURE_AUTORELEASING = YES;
				CLANG_WARN_BOOL_CONVERSION = YES;
				CLANG_WARN_COMMA = YES;
				CLANG_WARN_CONSTANT_CONVERSION = YES;
				CLANG_WARN_DIRECT_OBJC_ISA_USAGE = YES_ERROR;
				CLANG_WARN_DOCUMENTATION_COMMENTS = YES;
				CLANG_WARN_EMPTY_BODY = YES;
				CLANG_WARN_ENUM_CONVERSION = YES;
				CLANG_WARN_INFINITE_RECURSION = YES;
				CLANG_WARN_INT_CONVERSION = YES;
				CLANG_WARN_NON_LITERAL_NULL_CONVERSION = YES;
				CLANG_WARN_OBJC_LITERAL_CONVERSION = YES;
				CLANG_WARN_OBJC_ROOT_CLASS = YES_ERROR;
				CLANG_WARN_RANGE_LOOP_ANALYSIS = YES;
				CLANG_WARN_STRICT_PROTOTYPES = YES;
				CLANG_WARN_SUSPICIOUS_MOVE = YES;
				CLANG_WARN_UNGUARDED_AVAILABILITY = YES_AGGRESSIVE;
				CLANG_WARN_UNREACHABLE_CODE = YES;
				CLANG_WARN__DUPLICATE_METHOD_MATCH = YES;
				CODE_SIGN_IDENTITY = "iPhone Developer";
				COPY_PHASE_STRIP = NO;
				DEBUG_INFORMATION_FORMAT = "dwarf-with-dsym";
				ENABLE_NS_ASSERTIONS = NO;
				ENABLE_STRICT_OBJC_MSGSEND = YES;
				GCC_C_LANGUAGE_STANDARD = gnu11;
				GCC_NO_COMMON_BLOCKS = YES;
				GCC_WARN_64_TO_32_BIT_CONVERSION = YES;
				GCC_WARN_ABOUT_RETURN_TYPE = YES_ERROR;
				GCC_WARN_UNDECLARED_SELECTOR = YES;
				GCC_WARN_UNINITIALIZED_AUTOS = YES_AGGRESSIVE;
				GCC_WARN_UNUSED_FUNCTION = YES;
				GCC_WARN_UNUSED_VARIABLE = YES;
				IPHONEOS_DEPLOYMENT_TARGET = 11.1;
				MTL_ENABLE_DEBUG_INFO = NO;
				SDKROOT = iphoneos;
				VALIDATE_PRODUCT = YES;
			};
			name = Release;
		};
		6B3A84491FB2F7ED0039018E /* Debug */ = {
			isa = XCBuildConfiguration;
			buildSettings = {
				ASSETCATALOG_COMPILER_APPICON_NAME = AppIcon;
				CODE_SIGN_STYLE = Automatic;
				DEVELOPMENT_TEAM = BL7H2T6AC4;
				INFOPLIST_FILE = bbckit/Info.plist;
				LD_RUNPATH_SEARCH_PATHS = "$(inherited) @executable_path/Frameworks";
				PRODUCT_BUNDLE_IDENTIFIER = com.yy.bbckit;
				PRODUCT_NAME = "$(TARGET_NAME)";
				TARGETED_DEVICE_FAMILY = "1,2";
			};
			name = Debug;
		};
		6B3A844A1FB2F7ED0039018E /* Release */ = {
			isa = XCBuildConfiguration;
			buildSettings = {
				ASSETCATALOG_COMPILER_APPICON_NAME = AppIcon;
				CODE_SIGN_STYLE = Automatic;
				DEVELOPMENT_TEAM = BL7H2T6AC4;
				INFOPLIST_FILE = bbckit/Info.plist;
				LD_RUNPATH_SEARCH_PATHS = "$(inherited) @executable_path/Frameworks";
				PRODUCT_BUNDLE_IDENTIFIER = com.yy.bbckit;
				PRODUCT_NAME = "$(TARGET_NAME)";
				TARGETED_DEVICE_FAMILY = "1,2";
			};
			name = Release;
		};
		6B3A844C1FB2F7ED0039018E /* Debug */ = {
			isa = XCBuildConfiguration;
			buildSettings = {
				BUNDLE_LOADER = "$(TEST_HOST)";
				CODE_SIGN_STYLE = Automatic;
				DEVELOPMENT_TEAM = BL7H2T6AC4;
				INFOPLIST_FILE = bbckitTests/Info.plist;
				LD_RUNPATH_SEARCH_PATHS = "$(inherited) @executable_path/Frameworks @loader_path/Frameworks";
				PRODUCT_BUNDLE_IDENTIFIER = com.yy.bbckitTests;
				PRODUCT_NAME = "$(TARGET_NAME)";
				TARGETED_DEVICE_FAMILY = "1,2";
				TEST_HOST = "$(BUILT_PRODUCTS_DIR)/bbckit.app/bbckit";
			};
			name = Debug;
		};
		6B3A844D1FB2F7ED0039018E /* Release */ = {
			isa = XCBuildConfiguration;
			buildSettings = {
				BUNDLE_LOADER = "$(TEST_HOST)";
				CODE_SIGN_STYLE = Automatic;
				DEVELOPMENT_TEAM = BL7H2T6AC4;
				INFOPLIST_FILE = bbckitTests/Info.plist;
				LD_RUNPATH_SEARCH_PATHS = "$(inherited) @executable_path/Frameworks @loader_path/Frameworks";
				PRODUCT_BUNDLE_IDENTIFIER = com.yy.bbckitTests;
				PRODUCT_NAME = "$(TARGET_NAME)";
				TARGETED_DEVICE_FAMILY = "1,2";
				TEST_HOST = "$(BUILT_PRODUCTS_DIR)/bbckit.app/bbckit";
			};
			name = Release;
		};
		6B3A844F1FB2F7ED0039018E /* Debug */ = {
			isa = XCBuildConfiguration;
			buildSettings = {
				CODE_SIGN_STYLE = Automatic;
				DEVELOPMENT_TEAM = BL7H2T6AC4;
				INFOPLIST_FILE = bbckitUITests/Info.plist;
				LD_RUNPATH_SEARCH_PATHS = "$(inherited) @executable_path/Frameworks @loader_path/Frameworks";
				PRODUCT_BUNDLE_IDENTIFIER = com.yy.bbckitUITests;
				PRODUCT_NAME = "$(TARGET_NAME)";
				TARGETED_DEVICE_FAMILY = "1,2";
				TEST_TARGET_NAME = bbckit;
			};
			name = Debug;
		};
		6B3A84501FB2F7ED0039018E /* Release */ = {
			isa = XCBuildConfiguration;
			buildSettings = {
				CODE_SIGN_STYLE = Automatic;
				DEVELOPMENT_TEAM = BL7H2T6AC4;
				INFOPLIST_FILE = bbckitUITests/Info.plist;
				LD_RUNPATH_SEARCH_PATHS = "$(inherited) @executable_path/Frameworks @loader_path/Frameworks";
				PRODUCT_BUNDLE_IDENTIFIER = com.yy.bbckitUITests;
				PRODUCT_NAME = "$(TARGET_NAME)";
				TARGETED_DEVICE_FAMILY = "1,2";
				TEST_TARGET_NAME = bbckit;
			};
			name = Release;
		};
/* End XCBuildConfiguration section */

/* Begin XCConfigurationList section */
		6B3A84141FB2F7EC0039018E /* Build configuration list for PBXProject "bbckit" */ = {
			isa = XCConfigurationList;
			buildConfigurations = (
				6B3A84461FB2F7ED0039018E /* Debug */,
				6B3A84471FB2F7ED0039018E /* Release */,
			);
			defaultConfigurationIsVisible = 0;
			defaultConfigurationName = Release;
		};
		6B3A84481FB2F7ED0039018E /* Build configuration list for PBXNativeTarget "bbckit" */ = {
			isa = XCConfigurationList;
			buildConfigurations = (
				6B3A84491FB2F7ED0039018E /* Debug */,
				6B3A844A1FB2F7ED0039018E /* Release */,
			);
			defaultConfigurationIsVisible = 0;
			defaultConfigurationName = Release;
		};
		6B3A844B1FB2F7ED0039018E /* Build configuration list for PBXNativeTarget "bbckitTests" */ = {
			isa = XCConfigurationList;
			buildConfigurations = (
				6B3A844C1FB2F7ED0039018E /* Debug */,
				6B3A844D1FB2F7ED0039018E /* Release */,
			);
			defaultConfigurationIsVisible = 0;
			defaultConfigurationName = Release;
		};
		6B3A844E1FB2F7ED0039018E /* Build configuration list for PBXNativeTarget "bbckitUITests" */ = {
			isa = XCConfigurationList;
			buildConfigurations = (
				6B3A844F1FB2F7ED0039018E /* Debug */,
				6B3A84501FB2F7ED0039018E /* Release */,
			);
			defaultConfigurationIsVisible = 0;
			defaultConfigurationName = Release;
		};
/* End XCConfigurationList section */
	};
	rootObject = 6B3A84111FB2F7EC0039018E /* Project object */;
}
